
Microsoft Visual Studio Solution File, Format Version 12.00
# Visual Studio 2012
Project("{FAE04EC0-301F-11D3-BF4B-00C04F79EFBC}") = "CssOverviewHomework", "CssOverviewHomework\CssOverviewHomework.csproj", "{B391D0E3-0B1B-4B3E-919A-8CFABFD87E8C}"
EndProject
Project("{2150E333-8FDC-42A3-9474-1A3956D46DE8}") = "Solution Items", "Solution Items", "{BC590A47-16AF-429D-9970-FD6CD9A20B17}"
EndProject
Global
	GlobalSection(SolutionConfigurationPlatforms) = preSolution
		Debug|Any CPU = Debug|Any CPU
		Release|Any CPU = Release|Any CPU
	EndGlobalSection
	GlobalSection(ProjectConfigurationPlatforms) = postSolution
		{B391D0E3-0B1B-4B3E-919A-8CFABFD87E8C}.Debug|Any CPU.ActiveCfg = Debug|Any CPU
		{B391D0E3-0B1B-4B3E-919A-8CFABFD87E8C}.Debug|Any CPU.Build.0 = Debug|Any CPU
		{B391D0E3-0B1B-4B3E-919A-8CFABFD87E8C}.Release|Any CPU.ActiveCfg = Release|Any CPU
		{B391D0E3-0B1B-4B3E-919A-8CFABFD87E8C}.Release|Any CPU.Build.0 = Release|Any CPU
	EndGlobalSection
	GlobalSection(SolutionProperties) = preSolution
		HideSolutionNode = FALSE
	EndGlobalSection
EndGlobal
