
Microsoft Visual Studio Solution File, Format Version 12.00
# Visual Studio 2012
Project("{FAE04EC0-301F-11D3-BF4B-00C04F79EFBC}") = "CssLayouts_Homework", "CssLayouts_Homework\CssLayouts_Homework.csproj", "{9233F9C8-EDF3-4DEE-AD4F-A84D39EF13B2}"
EndProject
Global
	GlobalSection(SolutionConfigurationPlatforms) = preSolution
		Debug|Any CPU = Debug|Any CPU
		Release|Any CPU = Release|Any CPU
	EndGlobalSection
	GlobalSection(ProjectConfigurationPlatforms) = postSolution
		{9233F9C8-EDF3-4DEE-AD4F-A84D39EF13B2}.Debug|Any CPU.ActiveCfg = Debug|Any CPU
		{9233F9C8-EDF3-4DEE-AD4F-A84D39EF13B2}.Debug|Any CPU.Build.0 = Debug|Any CPU
		{9233F9C8-EDF3-4DEE-AD4F-A84D39EF13B2}.Release|Any CPU.ActiveCfg = Release|Any CPU
		{9233F9C8-EDF3-4DEE-AD4F-A84D39EF13B2}.Release|Any CPU.Build.0 = Release|Any CPU
	EndGlobalSection
	GlobalSection(SolutionProperties) = preSolution
		HideSolutionNode = FALSE
	EndGlobalSection
EndGlobal
